{
  "name": "brikpanel-admin-panel-dashboard-for-woocommerce",
  "version": "1.0.0",
  "lockfileVersion": 3,
  "requires": true,
  "packages": {
    "": {
      "name": "brikpanel-admin-panel-dashboard-for-woocommerce",
      "version": "1.0.0",
      "license": "ISC",
      "dependencies": {
        "cobe": "^2.1.0"
      }
    },
    "node_modules/cobe": {
      "version": "2.1.0",
      "resolved": "https://registry.npmjs.org/cobe/-/cobe-2.1.0.tgz",
      "integrity": "sha512-aaa6vcIlaC8C1SF50LDH0Anybo/EAXnrxqe+bwvr4+YUtZydqjeBjTTD7ziCCkbRrRGSns3I3F6cZsf3W+L+ag==",
      "license": "MIT"
    }
  }
}
